
Microsoft Visual Studio Solution File, Format Version 12.00
# Visual Studio Version 16
VisualStudioVersion = 25.0.1704.0
MinimumVisualStudioVersion = 10.0.40219.1
Project("{FAE04EC0-301F-11D3-BF4B-00C04F79EFBC}") = "MultilingualATM", "MultilingualATM\MultilingualATM.csproj", "{6675DFDC-4E9A-4E93-BACC-FEE099EEBFF8}"
EndProject
Global
	GlobalSection(SolutionConfigurationPlatforms) = preSolution
		Debug|Any CPU = Debug|Any CPU
		Release|Any CPU = Release|Any CPU
	EndGlobalSection
	GlobalSection(ProjectConfigurationPlatforms) = postSolution
		{6675DFDC-4E9A-4E93-BACC-FEE099EEBFF8}.Debug|Any CPU.ActiveCfg = Debug|Any CPU
		{6675DFDC-4E9A-4E93-BACC-FEE099EEBFF8}.Debug|Any CPU.Build.0 = Debug|Any CPU
		{6675DFDC-4E9A-4E93-BACC-FEE099EEBFF8}.Release|Any CPU.ActiveCfg = Release|Any CPU
		{6675DFDC-4E9A-4E93-BACC-FEE099EEBFF8}.Release|Any CPU.Build.0 = Release|Any CPU
	EndGlobalSection
	GlobalSection(SolutionProperties) = preSolution
		HideSolutionNode = FALSE
	EndGlobalSection
	GlobalSection(ExtensibilityGlobals) = postSolution
		SolutionGuid = {CFAAEA09-5CC1-4175-8319-E69850937E02}
	EndGlobalSection
EndGlobal
